{
  "nodes": {
    "nixpkgs": {
      "locked": {
        "lastModified": 1755615617,
        "narHash": "sha256-HMwfAJBdrr8wXAkbGhtcby1zGFvs+StOp19xNsbqdOg=",
        "owner": "NixOS",
        "repo": "nixpkgs",
        "rev": "20075955deac2583bb12f07151c2df830ef346b4",
        "type": "github"
      },
      "original": {
        "owner": "NixOS",
        "ref": "nixos-unstable",
        "repo": "nixpkgs",
        "type": "github"
      }
    },
    "pico-sdk": {
      "flake": false,
      "locked": {
        "lastModified": 1732513469,
        "narHash": "sha256-nLn6H/P79Jbk3/TIowH2WqmHFCXKEy7lgs7ZqhqJwDM=",
        "ref": "refs/tags/2.1.0",
        "rev": "95ea6acad131124694cda1c162c52cd30e0aece0",
        "revCount": 984,
        "submodules": true,
        "type": "git",
        "url": "https://github.com/raspberrypi/pico-sdk"
      },
      "original": {
        "ref": "refs/tags/2.1.0",
        "submodules": true,
        "type": "git",
        "url": "https://github.com/raspberrypi/pico-sdk"
      }
    },
    "picotool": {
      "flake": false,
      "locked": {
        "lastModified": 1754599029,
        "narHash": "sha256-kIB/ODAvwWWoAQDq2cMiFuNWjzzLgPuRQv0NluWYU+Y=",
        "ref": "refs/heads/master",
        "rev": "25aa087b2c517b4901874a99536e869d4d27b678",
        "revCount": 176,
        "type": "git",
        "url": "https://github.com/raspberrypi/picotool.git"
      },
      "original": {
        "type": "git",
        "url": "https://github.com/raspberrypi/picotool.git"
      }
    },
    "root": {
      "inputs": {
        "nixpkgs": "nixpkgs",
        "pico-sdk": "pico-sdk",
        "picotool": "picotool"
      }
    }
  },
  "root": "root",
  "version": 7
}
