{
  "nodes": {
    "nixpkgs": {
      "locked": {
        "lastModified": 1732014248,
        "narHash": "sha256-y/MEyuJ5oBWrWAic/14LaIr/u5E0wRVzyYsouYY3W6w=",
        "owner": "NixOS",
        "repo": "nixpkgs",
        "rev": "23e89b7da85c3640bbc2173fe04f4bd114342367",
        "type": "github"
      },
      "original": {
        "owner": "NixOS",
        "ref": "nixos-unstable",
        "repo": "nixpkgs",
        "type": "github"
      }
    },
    "pico-sdk": {
      "flake": false,
      "locked": {
        "lastModified": 1723125278,
        "narHash": "sha256-fVSpBVmjeP5pwkSPhhSCfBaEr/FEtA82mQOe/cHFh0A=",
        "ref": "refs/tags/2.0.0",
        "rev": "efe2103f9b28458a1615ff096054479743ade236",
        "revCount": 828,
        "submodules": true,
        "type": "git",
        "url": "https://github.com/raspberrypi/pico-sdk"
      },
      "original": {
        "ref": "refs/tags/2.0.0",
        "submodules": true,
        "type": "git",
        "url": "https://github.com/raspberrypi/pico-sdk"
      }
    },
    "picotool": {
      "flake": false,
      "locked": {
        "lastModified": 1725273585,
        "narHash": "sha256-DM0YYuucur4zHsC4rX/z3mJO46lK2bQoDKpa9Jn6Ic0=",
        "ref": "refs/heads/master",
        "rev": "bf33c6ddd756c3961c7a13b000859b71e825ee74",
        "revCount": 52,
        "type": "git",
        "url": "https://github.com/raspberrypi/picotool.git"
      },
      "original": {
        "type": "git",
        "url": "https://github.com/raspberrypi/picotool.git"
      }
    },
    "root": {
      "inputs": {
        "nixpkgs": "nixpkgs",
        "pico-sdk": "pico-sdk",
        "picotool": "picotool"
      }
    }
  },
  "root": "root",
  "version": 7
}
